
Microsoft Visual Studio Solution File, Format Version 12.00
# Visual Studio 15
VisualStudioVersion = 15.0.28307.421
MinimumVisualStudioVersion = 10.0.40219.1
Project("{FAE04EC0-301F-11D3-BF4B-00C04F79EFBC}") = "BreakingNewsApp.cs", "BreakingNewsApp.cs\BreakingNewsApp.cs.csproj", "{92900A15-80CF-44AB-8CDA-4C2F96701689}"
EndProject
Project("{FAE04EC0-301F-11D3-BF4B-00C04F79EFBC}") = "MyLibrary", "MyLibrary\MyLibrary.csproj", "{1CEBC736-261F-4B92-A447-8FCC2B6DCD01}"
EndProject
Global
	GlobalSection(SolutionConfigurationPlatforms) = preSolution
		Debug|Any CPU = Debug|Any CPU
		Release|Any CPU = Release|Any CPU
	EndGlobalSection
	GlobalSection(ProjectConfigurationPlatforms) = postSolution
		{92900A15-80CF-44AB-8CDA-4C2F96701689}.Debug|Any CPU.ActiveCfg = Debug|Any CPU
		{92900A15-80CF-44AB-8CDA-4C2F96701689}.Debug|Any CPU.Build.0 = Debug|Any CPU
		{92900A15-80CF-44AB-8CDA-4C2F96701689}.Release|Any CPU.ActiveCfg = Release|Any CPU
		{92900A15-80CF-44AB-8CDA-4C2F96701689}.Release|Any CPU.Build.0 = Release|Any CPU
		{1CEBC736-261F-4B92-A447-8FCC2B6DCD01}.Debug|Any CPU.ActiveCfg = Debug|Any CPU
		{1CEBC736-261F-4B92-A447-8FCC2B6DCD01}.Debug|Any CPU.Build.0 = Debug|Any CPU
		{1CEBC736-261F-4B92-A447-8FCC2B6DCD01}.Release|Any CPU.ActiveCfg = Release|Any CPU
		{1CEBC736-261F-4B92-A447-8FCC2B6DCD01}.Release|Any CPU.Build.0 = Release|Any CPU
	EndGlobalSection
	GlobalSection(SolutionProperties) = preSolution
		HideSolutionNode = FALSE
	EndGlobalSection
	GlobalSection(ExtensibilityGlobals) = postSolution
		SolutionGuid = {53AF42C0-E34F-4304-A65A-94FDC52BCD44}
	EndGlobalSection
EndGlobal
